
Microsoft Visual Studio Solution File, Format Version 12.00
# Visual Studio Version 16
VisualStudioVersion = 16.0.29403.142
MinimumVisualStudioVersion = 10.0.40219.1
Project("{FAE04EC0-301F-11D3-BF4B-00C04F79EFBC}") = "AwayDayPlanner", "AwayDayPlanner.csproj", "{5D5801CB-3683-4A45-831B-88AD20655753}"
EndProject
Project("{FAE04EC0-301F-11D3-BF4B-00C04F79EFBC}") = "ADPDataAccess", "ADPDataAccess\ADPDataAccess.csproj", "{A2A4609C-664C-4F47-AD16-8FB56B2AC4D1}"
EndProject
Project("{FAE04EC0-301F-11D3-BF4B-00C04F79EFBC}") = "ADPPlannerTest", "ADPPlannerTest\ADPPlannerTest.csproj", "{767067F7-B2FE-4921-9060-0521601972D3}"
EndProject
Project("{FAE04EC0-301F-11D3-BF4B-00C04F79EFBC}") = "ADPRepository", "ADPRepository\ADPRepository.csproj", "{A5BD2184-AEAF-4133-A49F-31951D0008D4}"
EndProject
Project("{FAE04EC0-301F-11D3-BF4B-00C04F79EFBC}") = "ADPDataAccessProj", "ADPDataAccessProj\ADPDataAccessProj.csproj", "{D8FA5E6E-7B9A-4D08-B125-CA5093CAC652}"
EndProject
Global
	GlobalSection(SolutionConfigurationPlatforms) = preSolution
		Debug|Any CPU = Debug|Any CPU
		Release|Any CPU = Release|Any CPU
	EndGlobalSection
	GlobalSection(ProjectConfigurationPlatforms) = postSolution
		{5D5801CB-3683-4A45-831B-88AD20655753}.Debug|Any CPU.ActiveCfg = Debug|Any CPU
		{5D5801CB-3683-4A45-831B-88AD20655753}.Debug|Any CPU.Build.0 = Debug|Any CPU
		{5D5801CB-3683-4A45-831B-88AD20655753}.Release|Any CPU.ActiveCfg = Release|Any CPU
		{5D5801CB-3683-4A45-831B-88AD20655753}.Release|Any CPU.Build.0 = Release|Any CPU
		{A2A4609C-664C-4F47-AD16-8FB56B2AC4D1}.Debug|Any CPU.ActiveCfg = Debug|Any CPU
		{A2A4609C-664C-4F47-AD16-8FB56B2AC4D1}.Debug|Any CPU.Build.0 = Debug|Any CPU
		{A2A4609C-664C-4F47-AD16-8FB56B2AC4D1}.Release|Any CPU.ActiveCfg = Release|Any CPU
		{A2A4609C-664C-4F47-AD16-8FB56B2AC4D1}.Release|Any CPU.Build.0 = Release|Any CPU
		{767067F7-B2FE-4921-9060-0521601972D3}.Debug|Any CPU.ActiveCfg = Debug|Any CPU
		{767067F7-B2FE-4921-9060-0521601972D3}.Debug|Any CPU.Build.0 = Debug|Any CPU
		{767067F7-B2FE-4921-9060-0521601972D3}.Release|Any CPU.ActiveCfg = Release|Any CPU
		{767067F7-B2FE-4921-9060-0521601972D3}.Release|Any CPU.Build.0 = Release|Any CPU
		{A5BD2184-AEAF-4133-A49F-31951D0008D4}.Debug|Any CPU.ActiveCfg = Debug|Any CPU
		{A5BD2184-AEAF-4133-A49F-31951D0008D4}.Debug|Any CPU.Build.0 = Debug|Any CPU
		{A5BD2184-AEAF-4133-A49F-31951D0008D4}.Release|Any CPU.ActiveCfg = Release|Any CPU
		{A5BD2184-AEAF-4133-A49F-31951D0008D4}.Release|Any CPU.Build.0 = Release|Any CPU
		{D8FA5E6E-7B9A-4D08-B125-CA5093CAC652}.Debug|Any CPU.ActiveCfg = Debug|Any CPU
		{D8FA5E6E-7B9A-4D08-B125-CA5093CAC652}.Debug|Any CPU.Build.0 = Debug|Any CPU
		{D8FA5E6E-7B9A-4D08-B125-CA5093CAC652}.Release|Any CPU.ActiveCfg = Release|Any CPU
		{D8FA5E6E-7B9A-4D08-B125-CA5093CAC652}.Release|Any CPU.Build.0 = Release|Any CPU
	EndGlobalSection
	GlobalSection(SolutionProperties) = preSolution
		HideSolutionNode = FALSE
	EndGlobalSection
	GlobalSection(ExtensibilityGlobals) = postSolution
		SolutionGuid = {D802087A-CDAF-43E9-A9EF-1B7C24950776}
	EndGlobalSection
EndGlobal
